// !$*UTF8*$!
{
	archiveVersion = 1;
	classes = {
	};
	objectVersion = 46;
	objects = {

/* Begin PBXBuildFile section */
		0552467117F0A56900D90397 /* Foundation.framework in Frameworks */ = {isa = PBXBuildFile; fileRef = 0552467017F0A56900D90397 /* Foundation.framework */; };
		0552467317F0A56900D90397 /* CoreGraphics.framework in Frameworks */ = {isa = PBXBuildFile; fileRef = 0552467217F0A56900D90397 /* CoreGraphics.framework */; };
		0552467517F0A56900D90397 /* UIKit.framework in Frameworks */ = {isa = PBXBuildFile; fileRef = 0552467417F0A56900D90397 /* UIKit.framework */; };
		0552467B17F0A56900D90397 /* InfoPlist.strings in Resources */ = {isa = PBXBuildFile; fileRef = 0552467917F0A56900D90397 /* InfoPlist.strings */; };
		0552467D17F0A56900D90397 /* main.m in Sources */ = {isa = PBXBuildFile; fileRef = 0552467C17F0A56900D90397 /* main.m */; };
		0552468117F0A56900D90397 /* AppDelegate.m in Sources */ = {isa = PBXBuildFile; fileRef = 0552468017F0A56900D90397 /* AppDelegate.m */; };
		0552468317F0A56900D90397 /* Images.xcassets in Resources */ = {isa = PBXBuildFile; fileRef = 0552468217F0A56900D90397 /* Images.xcassets */; };
		0552468A17F0A56900D90397 /* XCTest.framework in Frameworks */ = {isa = PBXBuildFile; fileRef = 0552468917F0A56900D90397 /* XCTest.framework */; };
		0552468B17F0A56900D90397 /* Foundation.framework in Frameworks */ = {isa = PBXBuildFile; fileRef = 0552467017F0A56900D90397 /* Foundation.framework */; };
		0552468C17F0A56900D90397 /* UIKit.framework in Frameworks */ = {isa = PBXBuildFile; fileRef = 0552467417F0A56900D90397 /* UIKit.framework */; };
		0552469417F0A56900D90397 /* InfoPlist.strings in Resources */ = {isa = PBXBuildFile; fileRef = 0552469217F0A56900D90397 /* InfoPlist.strings */; };
		0552469617F0A56900D90397 /* CS_440_Maze_SearchTests.m in Sources */ = {isa = PBXBuildFile; fileRef = 0552469517F0A56900D90397 /* CS_440_Maze_SearchTests.m */; };
		055246A417F0A92500D90397 /* smallMaze.txt in Resources */ = {isa = PBXBuildFile; fileRef = 055246A017F0A92500D90397 /* smallMaze.txt */; };
		055246A517F0A92500D90397 /* mediumMaze.txt in Resources */ = {isa = PBXBuildFile; fileRef = 055246A117F0A92500D90397 /* mediumMaze.txt */; };
		055246A617F0A92500D90397 /* bigMaze.txt in Resources */ = {isa = PBXBuildFile; fileRef = 055246A217F0A92500D90397 /* bigMaze.txt */; };
		055246A717F0A92500D90397 /* openMaze.txt in Resources */ = {isa = PBXBuildFile; fileRef = 055246A317F0A92500D90397 /* openMaze.txt */; };
		055246BA17F0ADEF00D90397 /* MazeSearchViewController.m in Sources */ = {isa = PBXBuildFile; fileRef = 055246B917F0ADEF00D90397 /* MazeSearchViewController.m */; };
		055246CA17F0CCBF00D90397 /* MazeManager.m in Sources */ = {isa = PBXBuildFile; fileRef = 055246C917F0CCBF00D90397 /* MazeManager.m */; };
		055246CD17F0CDAF00D90397 /* Maze.m in Sources */ = {isa = PBXBuildFile; fileRef = 055246CC17F0CDAF00D90397 /* Maze.m */; };
		055246D317F0CEDA00D90397 /* QueuePool.m in Sources */ = {isa = PBXBuildFile; fileRef = 055246D217F0CEDA00D90397 /* QueuePool.m */; };
		055246D617F0DCDC00D90397 /* MazeParsingOperation.m in Sources */ = {isa = PBXBuildFile; fileRef = 055246D517F0DCDC00D90397 /* MazeParsingOperation.m */; };
		055246D917F1180B00D90397 /* SupportedMazes.m in Sources */ = {isa = PBXBuildFile; fileRef = 055246D817F1180B00D90397 /* SupportedMazes.m */; };
		055246E117F23DAC00D90397 /* MazeSettingsViewController.m in Sources */ = {isa = PBXBuildFile; fileRef = 055246E017F23DAC00D90397 /* MazeSettingsViewController.m */; };
		055246E717F24DF800D90397 /* MazeView.m in Sources */ = {isa = PBXBuildFile; fileRef = 055246E617F24DF800D90397 /* MazeView.m */; };
		055246F217F2798C00D90397 /* SupportedAlgorithms.m in Sources */ = {isa = PBXBuildFile; fileRef = 055246F117F2798C00D90397 /* SupportedAlgorithms.m */; };
		05A8A52117F3A0740011AD25 /* Solver.m in Sources */ = {isa = PBXBuildFile; fileRef = 05A8A52017F3A0740011AD25 /* Solver.m */; };
		05A8A52B17F3A5010011AD25 /* SearchAlgorithmOperation.m in Sources */ = {isa = PBXBuildFile; fileRef = 05A8A52A17F3A5010011AD25 /* SearchAlgorithmOperation.m */; };
		05A8A53017F3AD320011AD25 /* SearchAlgorithmOperationFactory.m in Sources */ = {isa = PBXBuildFile; fileRef = 05A8A52F17F3AD320011AD25 /* SearchAlgorithmOperationFactory.m */; };
		05A8A53617F3CF5D0011AD25 /* Cell.m in Sources */ = {isa = PBXBuildFile; fileRef = 05A8A53517F3CF5D0011AD25 /* Cell.m */; };
		05A8A53A17F3D1DE0011AD25 /* Frontier.m in Sources */ = {isa = PBXBuildFile; fileRef = 05A8A53917F3D1DE0011AD25 /* Frontier.m */; };
		05E7BD2217F79FF400030AB1 /* UniformCostSearchOperation.m in Sources */ = {isa = PBXBuildFile; fileRef = 05E7BD2117F79FF400030AB1 /* UniformCostSearchOperation.m */; };
		05E7BD3217F7C5E700030AB1 /* CostFunctions.m in Sources */ = {isa = PBXBuildFile; fileRef = 05E7BD3117F7C5E700030AB1 /* CostFunctions.m */; };
		05E7BD4417F938D000030AB1 /* UninformedSearchOperation.m in Sources */ = {isa = PBXBuildFile; fileRef = 05E7BD4317F938D000030AB1 /* UninformedSearchOperation.m */; };
/* End PBXBuildFile section */

/* Begin PBXContainerItemProxy section */
		0552468D17F0A56900D90397 /* PBXContainerItemProxy */ = {
			isa = PBXContainerItemProxy;
			containerPortal = 0552466517F0A56900D90397 /* Project object */;
			proxyType = 1;
			remoteGlobalIDString = 0552466C17F0A56900D90397;
			remoteInfo = "CS-440-Maze-Search";
		};
/* End PBXContainerItemProxy section */

/* Begin PBXFileReference section */
		0552466D17F0A56900D90397 /* CS-440-Maze-Search.app */ = {isa = PBXFileReference; explicitFileType = wrapper.application; includeInIndex = 0; path = "CS-440-Maze-Search.app"; sourceTree = BUILT_PRODUCTS_DIR; };
		0552467017F0A56900D90397 /* Foundation.framework */ = {isa = PBXFileReference; lastKnownFileType = wrapper.framework; name = Foundation.framework; path = System/Library/Frameworks/Foundation.framework; sourceTree = SDKROOT; };
		0552467217F0A56900D90397 /* CoreGraphics.framework */ = {isa = PBXFileReference; lastKnownFileType = wrapper.framework; name = CoreGraphics.framework; path = System/Library/Frameworks/CoreGraphics.framework; sourceTree = SDKROOT; };
		0552467417F0A56900D90397 /* UIKit.framework */ = {isa = PBXFileReference; lastKnownFileType = wrapper.framework; name = UIKit.framework; path = System/Library/Frameworks/UIKit.framework; sourceTree = SDKROOT; };
		0552467817F0A56900D90397 /* CS-440-Maze-Search-Info.plist */ = {isa = PBXFileReference; lastKnownFileType = text.plist.xml; path = "CS-440-Maze-Search-Info.plist"; sourceTree = "<group>"; };
		0552467A17F0A56900D90397 /* en */ = {isa = PBXFileReference; lastKnownFileType = text.plist.strings; name = en; path = en.lproj/InfoPlist.strings; sourceTree = "<group>"; };
		0552467C17F0A56900D90397 /* main.m */ = {isa = PBXFileReference; lastKnownFileType = sourcecode.c.objc; path = main.m; sourceTree = "<group>"; };
		0552467E17F0A56900D90397 /* CS-440-Maze-Search-Prefix.pch */ = {isa = PBXFileReference; lastKnownFileType = sourcecode.c.h; path = "CS-440-Maze-Search-Prefix.pch"; sourceTree = "<group>"; };
		0552467F17F0A56900D90397 /* AppDelegate.h */ = {isa = PBXFileReference; lastKnownFileType = sourcecode.c.h; path = AppDelegate.h; sourceTree = "<group>"; };
		0552468017F0A56900D90397 /* AppDelegate.m */ = {isa = PBXFileReference; lastKnownFileType = sourcecode.c.objc; path = AppDelegate.m; sourceTree = "<group>"; };
		0552468217F0A56900D90397 /* Images.xcassets */ = {isa = PBXFileReference; lastKnownFileType = folder.assetcatalog; path = Images.xcassets; sourceTree = "<group>"; };
		0552468817F0A56900D90397 /* CS-440-Maze-SearchTests.xctest */ = {isa = PBXFileReference; explicitFileType = wrapper.cfbundle; includeInIndex = 0; path = "CS-440-Maze-SearchTests.xctest"; sourceTree = BUILT_PRODUCTS_DIR; };
		0552468917F0A56900D90397 /* XCTest.framework */ = {isa = PBXFileReference; lastKnownFileType = wrapper.framework; name = XCTest.framework; path = Library/Frameworks/XCTest.framework; sourceTree = DEVELOPER_DIR; };
		0552469117F0A56900D90397 /* CS-440-Maze-SearchTests-Info.plist */ = {isa = PBXFileReference; lastKnownFileType = text.plist.xml; path = "CS-440-Maze-SearchTests-Info.plist"; sourceTree = "<group>"; };
		0552469317F0A56900D90397 /* en */ = {isa = PBXFileReference; lastKnownFileType = text.plist.strings; name = en; path = en.lproj/InfoPlist.strings; sourceTree = "<group>"; };
		0552469517F0A56900D90397 /* CS_440_Maze_SearchTests.m */ = {isa = PBXFileReference; lastKnownFileType = sourcecode.c.objc; path = CS_440_Maze_SearchTests.m; sourceTree = "<group>"; };
		055246A017F0A92500D90397 /* smallMaze.txt */ = {isa = PBXFileReference; fileEncoding = 4; lastKnownFileType = text; path = smallMaze.txt; sourceTree = "<group>"; };
		055246A117F0A92500D90397 /* mediumMaze.txt */ = {isa = PBXFileReference; fileEncoding = 4; lastKnownFileType = text; path = mediumMaze.txt; sourceTree = "<group>"; };
		055246A217F0A92500D90397 /* bigMaze.txt */ = {isa = PBXFileReference; fileEncoding = 4; lastKnownFileType = text; path = bigMaze.txt; sourceTree = "<group>"; };
		055246A317F0A92500D90397 /* openMaze.txt */ = {isa = PBXFileReference; fileEncoding = 4; lastKnownFileType = text; path = openMaze.txt; sourceTree = "<group>"; };
		055246B817F0ADEF00D90397 /* MazeSearchViewController.h */ = {isa = PBXFileReference; fileEncoding = 4; lastKnownFileType = sourcecode.c.h; path = MazeSearchViewController.h; sourceTree = "<group>"; };
		055246B917F0ADEF00D90397 /* MazeSearchViewController.m */ = {isa = PBXFileReference; fileEncoding = 4; lastKnownFileType = sourcecode.c.objc; path = MazeSearchViewController.m; sourceTree = "<group>"; };
		055246C817F0CCBF00D90397 /* MazeManager.h */ = {isa = PBXFileReference; fileEncoding = 4; lastKnownFileType = sourcecode.c.h; path = MazeManager.h; sourceTree = "<group>"; };
		055246C917F0CCBF00D90397 /* MazeManager.m */ = {isa = PBXFileReference; fileEncoding = 4; lastKnownFileType = sourcecode.c.objc; path = MazeManager.m; sourceTree = "<group>"; };
		055246CB17F0CDAF00D90397 /* Maze.h */ = {isa = PBXFileReference; fileEncoding = 4; lastKnownFileType = sourcecode.c.h; path = Maze.h; sourceTree = "<group>"; };
		055246CC17F0CDAF00D90397 /* Maze.m */ = {isa = PBXFileReference; fileEncoding = 4; lastKnownFileType = sourcecode.c.objc; path = Maze.m; sourceTree = "<group>"; };
		055246D117F0CEDA00D90397 /* QueuePool.h */ = {isa = PBXFileReference; fileEncoding = 4; lastKnownFileType = sourcecode.c.h; path = QueuePool.h; sourceTree = "<group>"; };
		055246D217F0CEDA00D90397 /* QueuePool.m */ = {isa = PBXFileReference; fileEncoding = 4; lastKnownFileType = sourcecode.c.objc; path = QueuePool.m; sourceTree = "<group>"; };
		055246D417F0DCDC00D90397 /* MazeParsingOperation.h */ = {isa = PBXFileReference; fileEncoding = 4; lastKnownFileType = sourcecode.c.h; name = MazeParsingOperation.h; path = ../MazeParsingOperation.h; sourceTree = "<group>"; };
		055246D517F0DCDC00D90397 /* MazeParsingOperation.m */ = {isa = PBXFileReference; fileEncoding = 4; lastKnownFileType = sourcecode.c.objc; name = MazeParsingOperation.m; path = ../MazeParsingOperation.m; sourceTree = "<group>"; };
		055246D717F1180B00D90397 /* SupportedMazes.h */ = {isa = PBXFileReference; fileEncoding = 4; lastKnownFileType = sourcecode.c.h; path = SupportedMazes.h; sourceTree = "<group>"; };
		055246D817F1180B00D90397 /* SupportedMazes.m */ = {isa = PBXFileReference; fileEncoding = 4; lastKnownFileType = sourcecode.c.objc; path = SupportedMazes.m; sourceTree = "<group>"; };
		055246DF17F23DAC00D90397 /* MazeSettingsViewController.h */ = {isa = PBXFileReference; fileEncoding = 4; lastKnownFileType = sourcecode.c.h; path = MazeSettingsViewController.h; sourceTree = "<group>"; };
		055246E017F23DAC00D90397 /* MazeSettingsViewController.m */ = {isa = PBXFileReference; fileEncoding = 4; lastKnownFileType = sourcecode.c.objc; path = MazeSettingsViewController.m; sourceTree = "<group>"; };
		055246E517F24DF800D90397 /* MazeView.h */ = {isa = PBXFileReference; fileEncoding = 4; lastKnownFileType = sourcecode.c.h; path = MazeView.h; sourceTree = "<group>"; };
		055246E617F24DF800D90397 /* MazeView.m */ = {isa = PBXFileReference; fileEncoding = 4; lastKnownFileType = sourcecode.c.objc; path = MazeView.m; sourceTree = "<group>"; };
		055246E817F26CDD00D90397 /* MazeViewDataSource.h */ = {isa = PBXFileReference; fileEncoding = 4; lastKnownFileType = sourcecode.c.h; path = MazeViewDataSource.h; sourceTree = "<group>"; };
		055246F017F2798C00D90397 /* SupportedAlgorithms.h */ = {isa = PBXFileReference; fileEncoding = 4; lastKnownFileType = sourcecode.c.h; path = SupportedAlgorithms.h; sourceTree = "<group>"; };
		055246F117F2798C00D90397 /* SupportedAlgorithms.m */ = {isa = PBXFileReference; fileEncoding = 4; lastKnownFileType = sourcecode.c.objc; path = SupportedAlgorithms.m; sourceTree = "<group>"; };
		055246F317F280FA00D90397 /* MazeSettingsDelegate.h */ = {isa = PBXFileReference; fileEncoding = 4; lastKnownFileType = sourcecode.c.h; path = MazeSettingsDelegate.h; sourceTree = "<group>"; };
		05A8A51717F39FD70011AD25 /* SolverDelegate.h */ = {isa = PBXFileReference; fileEncoding = 4; lastKnownFileType = sourcecode.c.h; path = SolverDelegate.h; sourceTree = "<group>"; };
		05A8A51F17F3A0740011AD25 /* Solver.h */ = {isa = PBXFileReference; fileEncoding = 4; lastKnownFileType = sourcecode.c.h; path = Solver.h; sourceTree = "<group>"; };
		05A8A52017F3A0740011AD25 /* Solver.m */ = {isa = PBXFileReference; fileEncoding = 4; lastKnownFileType = sourcecode.c.objc; path = Solver.m; sourceTree = "<group>"; };
		05A8A52817F3A2730011AD25 /* AlgorithmOperation.h */ = {isa = PBXFileReference; fileEncoding = 4; lastKnownFileType = sourcecode.c.h; path = AlgorithmOperation.h; sourceTree = "<group>"; };
		05A8A52917F3A5010011AD25 /* SearchAlgorithmOperation.h */ = {isa = PBXFileReference; fileEncoding = 4; lastKnownFileType = sourcecode.c.h; path = SearchAlgorithmOperation.h; sourceTree = "<group>"; };
		05A8A52A17F3A5010011AD25 /* SearchAlgorithmOperation.m */ = {isa = PBXFileReference; fileEncoding = 4; lastKnownFileType = sourcecode.c.objc; path = SearchAlgorithmOperation.m; sourceTree = "<group>"; };
		05A8A52C17F3A6310011AD25 /* SearchAlgorithmOperation_Protected.h */ = {isa = PBXFileReference; fileEncoding = 4; lastKnownFileType = sourcecode.c.h; path = SearchAlgorithmOperation_Protected.h; sourceTree = "<group>"; };
		05A8A52D17F3AB240011AD25 /* AlgorithmOperationDelegate.h */ = {isa = PBXFileReference; fileEncoding = 4; lastKnownFileType = sourcecode.c.h; path = AlgorithmOperationDelegate.h; sourceTree = "<group>"; };
		05A8A52E17F3AD320011AD25 /* SearchAlgorithmOperationFactory.h */ = {isa = PBXFileReference; fileEncoding = 4; lastKnownFileType = sourcecode.c.h; path = SearchAlgorithmOperationFactory.h; sourceTree = "<group>"; };
		05A8A52F17F3AD320011AD25 /* SearchAlgorithmOperationFactory.m */ = {isa = PBXFileReference; fileEncoding = 4; lastKnownFileType = sourcecode.c.objc; path = SearchAlgorithmOperationFactory.m; sourceTree = "<group>"; };
		05A8A53417F3CF5D0011AD25 /* Cell.h */ = {isa = PBXFileReference; fileEncoding = 4; lastKnownFileType = sourcecode.c.h; path = Cell.h; sourceTree = "<group>"; };
		05A8A53517F3CF5D0011AD25 /* Cell.m */ = {isa = PBXFileReference; fileEncoding = 4; lastKnownFileType = sourcecode.c.objc; path = Cell.m; sourceTree = "<group>"; };
		05A8A53817F3D1DE0011AD25 /* Frontier.h */ = {isa = PBXFileReference; fileEncoding = 4; lastKnownFileType = sourcecode.c.h; path = Frontier.h; sourceTree = "<group>"; };
		05A8A53917F3D1DE0011AD25 /* Frontier.m */ = {isa = PBXFileReference; fileEncoding = 4; lastKnownFileType = sourcecode.c.objc; path = Frontier.m; sourceTree = "<group>"; };
		05C4B6ED17F72C4F008832D1 /* CellState.h */ = {isa = PBXFileReference; fileEncoding = 4; lastKnownFileType = sourcecode.c.h; path = CellState.h; sourceTree = "<group>"; };
		05E7BD2017F79FF400030AB1 /* UniformCostSearchOperation.h */ = {isa = PBXFileReference; fileEncoding = 4; lastKnownFileType = sourcecode.c.h; path = UniformCostSearchOperation.h; sourceTree = "<group>"; };
		05E7BD2117F79FF400030AB1 /* UniformCostSearchOperation.m */ = {isa = PBXFileReference; fileEncoding = 4; lastKnownFileType = sourcecode.c.objc; path = UniformCostSearchOperation.m; sourceTree = "<group>"; };
		05E7BD3017F7C5E700030AB1 /* CostFunctions.h */ = {isa = PBXFileReference; fileEncoding = 4; lastKnownFileType = sourcecode.c.h; path = CostFunctions.h; sourceTree = "<group>"; };
		05E7BD3117F7C5E700030AB1 /* CostFunctions.m */ = {isa = PBXFileReference; fileEncoding = 4; lastKnownFileType = sourcecode.c.objc; path = CostFunctions.m; sourceTree = "<group>"; };
		05E7BD3317F7CCCC00030AB1 /* CostFunctionBlock.h */ = {isa = PBXFileReference; fileEncoding = 4; lastKnownFileType = sourcecode.c.h; path = CostFunctionBlock.h; sourceTree = "<group>"; };
		05E7BD3917F7E77800030AB1 /* SupportedAlgorithmNames.h */ = {isa = PBXFileReference; fileEncoding = 4; lastKnownFileType = sourcecode.c.h; path = SupportedAlgorithmNames.h; sourceTree = "<group>"; };
		05E7BD3C17F7E86300030AB1 /* CostFunctionNames.h */ = {isa = PBXFileReference; fileEncoding = 4; lastKnownFileType = sourcecode.c.h; path = CostFunctionNames.h; sourceTree = "<group>"; };
		05E7BD4217F938D000030AB1 /* UninformedSearchOperation.h */ = {isa = PBXFileReference; fileEncoding = 4; lastKnownFileType = sourcecode.c.h; path = UninformedSearchOperation.h; sourceTree = "<group>"; };
		05E7BD4317F938D000030AB1 /* UninformedSearchOperation.m */ = {isa = PBXFileReference; fileEncoding = 4; lastKnownFileType = sourcecode.c.objc; path = UninformedSearchOperation.m; sourceTree = "<group>"; };
/* End PBXFileReference section */

/* Begin PBXFrameworksBuildPhase section */
		0552466A17F0A56900D90397 /* Frameworks */ = {
			isa = PBXFrameworksBuildPhase;
			buildActionMask = 2147483647;
			files = (
				0552467317F0A56900D90397 /* CoreGraphics.framework in Frameworks */,
				0552467517F0A56900D90397 /* UIKit.framework in Frameworks */,
				0552467117F0A56900D90397 /* Foundation.framework in Frameworks */,
			);
			runOnlyForDeploymentPostprocessing = 0;
		};
		0552468517F0A56900D90397 /* Frameworks */ = {
			isa = PBXFrameworksBuildPhase;
			buildActionMask = 2147483647;
			files = (
				0552468A17F0A56900D90397 /* XCTest.framework in Frameworks */,
				0552468C17F0A56900D90397 /* UIKit.framework in Frameworks */,
				0552468B17F0A56900D90397 /* Foundation.framework in Frameworks */,
			);
			runOnlyForDeploymentPostprocessing = 0;
		};
/* End PBXFrameworksBuildPhase section */

/* Begin PBXGroup section */
		0552466417F0A56900D90397 = {
			isa = PBXGroup;
			children = (
				0552467617F0A56900D90397 /* CS-440-Maze-Search */,
				0552468F17F0A56900D90397 /* CS-440-Maze-SearchTests */,
				0552466F17F0A56900D90397 /* Frameworks */,
				0552466E17F0A56900D90397 /* Products */,
			);
			sourceTree = "<group>";
		};
		0552466E17F0A56900D90397 /* Products */ = {
			isa = PBXGroup;
			children = (
				0552466D17F0A56900D90397 /* CS-440-Maze-Search.app */,
				0552468817F0A56900D90397 /* CS-440-Maze-SearchTests.xctest */,
			);
			name = Products;
			sourceTree = "<group>";
		};
		0552466F17F0A56900D90397 /* Frameworks */ = {
			isa = PBXGroup;
			children = (
				0552467017F0A56900D90397 /* Foundation.framework */,
				0552467217F0A56900D90397 /* CoreGraphics.framework */,
				0552467417F0A56900D90397 /* UIKit.framework */,
				0552468917F0A56900D90397 /* XCTest.framework */,
			);
			name = Frameworks;
			sourceTree = "<group>";
		};
		0552467617F0A56900D90397 /* CS-440-Maze-Search */ = {
			isa = PBXGroup;
			children = (
				055246C517F0CC4100D90397 /* Controller */,
				055246C717F0CC8400D90397 /* View */,
				055246C617F0CC7C00D90397 /* Model */,
				0552467F17F0A56900D90397 /* AppDelegate.h */,
				0552468017F0A56900D90397 /* AppDelegate.m */,
				0552468217F0A56900D90397 /* Images.xcassets */,
				0552467717F0A56900D90397 /* Supporting Files */,
			);
			path = "CS-440-Maze-Search";
			sourceTree = "<group>";
		};
		0552467717F0A56900D90397 /* Supporting Files */ = {
			isa = PBXGroup;
			children = (
				0552469F17F0A91000D90397 /* Mazes */,
				0552467817F0A56900D90397 /* CS-440-Maze-Search-Info.plist */,
				0552467917F0A56900D90397 /* InfoPlist.strings */,
				0552467C17F0A56900D90397 /* main.m */,
				0552467E17F0A56900D90397 /* CS-440-Maze-Search-Prefix.pch */,
			);
			name = "Supporting Files";
			sourceTree = "<group>";
		};
		0552468F17F0A56900D90397 /* CS-440-Maze-SearchTests */ = {
			isa = PBXGroup;
			children = (
				0552469517F0A56900D90397 /* CS_440_Maze_SearchTests.m */,
				0552469017F0A56900D90397 /* Supporting Files */,
			);
			path = "CS-440-Maze-SearchTests";
			sourceTree = "<group>";
		};
		0552469017F0A56900D90397 /* Supporting Files */ = {
			isa = PBXGroup;
			children = (
				0552469117F0A56900D90397 /* CS-440-Maze-SearchTests-Info.plist */,
				0552469217F0A56900D90397 /* InfoPlist.strings */,
			);
			name = "Supporting Files";
			sourceTree = "<group>";
		};
		0552469F17F0A91000D90397 /* Mazes */ = {
			isa = PBXGroup;
			children = (
				055246A017F0A92500D90397 /* smallMaze.txt */,
				055246A117F0A92500D90397 /* mediumMaze.txt */,
				055246A217F0A92500D90397 /* bigMaze.txt */,
				055246A317F0A92500D90397 /* openMaze.txt */,
			);
			name = Mazes;
			sourceTree = "<group>";
		};
		055246A817F0AC8C00D90397 /* Maze Search View Controller  */ = {
			isa = PBXGroup;
			children = (
				055246B817F0ADEF00D90397 /* MazeSearchViewController.h */,
				055246B917F0ADEF00D90397 /* MazeSearchViewController.m */,
			);
			name = "Maze Search View Controller ";
			sourceTree = "<group>";
		};
		055246C517F0CC4100D90397 /* Controller */ = {
			isa = PBXGroup;
			children = (
				055246A817F0AC8C00D90397 /* Maze Search View Controller  */,
				055246DA17F23D4E00D90397 /* Settings */,
			);
			name = Controller;
			sourceTree = "<group>";
		};
		055246C617F0CC7C00D90397 /* Model */ = {
			isa = PBXGroup;
			children = (
				05E7BD4917F9394300030AB1 /* Solver */,
				05E7BD2817F7A52F00030AB1 /* Algorithms */,
				05E7BD2717F7A4DB00030AB1 /* Cost Functions */,
				05A8A53B17F3D1E40011AD25 /* Frontier */,
				05A8A51917F3A0060011AD25 /* Maze Manager */,
				05A8A51B17F3A0150011AD25 /* Maze */,
				05A8A53717F3CF680011AD25 /* Cell */,
				05A8A51C17F3A01D0011AD25 /* Maze Parsing */,
				05A8A51E17F3A0480011AD25 /* Queue Pool */,
				055246EF17F2763D00D90397 /* Supported Algorithms */,
				055246EE17F2763400D90397 /* Supported Mazes */,
				05A8A52817F3A2730011AD25 /* AlgorithmOperation.h */,
				05A8A52D17F3AB240011AD25 /* AlgorithmOperationDelegate.h */,
				05A8A51717F39FD70011AD25 /* SolverDelegate.h */,
				055246F317F280FA00D90397 /* MazeSettingsDelegate.h */,
				055246E817F26CDD00D90397 /* MazeViewDataSource.h */,
			);
			name = Model;
			sourceTree = "<group>";
		};
		055246C717F0CC8400D90397 /* View */ = {
			isa = PBXGroup;
			children = (
				055246E517F24DF800D90397 /* MazeView.h */,
				055246E617F24DF800D90397 /* MazeView.m */,
			);
			name = View;
			sourceTree = "<group>";
		};
		055246DA17F23D4E00D90397 /* Settings */ = {
			isa = PBXGroup;
			children = (
				055246DF17F23DAC00D90397 /* MazeSettingsViewController.h */,
				055246E017F23DAC00D90397 /* MazeSettingsViewController.m */,
			);
			name = Settings;
			sourceTree = "<group>";
		};
		055246EE17F2763400D90397 /* Supported Mazes */ = {
			isa = PBXGroup;
			children = (
				055246D717F1180B00D90397 /* SupportedMazes.h */,
				055246D817F1180B00D90397 /* SupportedMazes.m */,
			);
			name = "Supported Mazes";
			sourceTree = "<group>";
		};
		055246EF17F2763D00D90397 /* Supported Algorithms */ = {
			isa = PBXGroup;
			children = (
				055246F017F2798C00D90397 /* SupportedAlgorithms.h */,
				055246F117F2798C00D90397 /* SupportedAlgorithms.m */,
				05E7BD3917F7E77800030AB1 /* SupportedAlgorithmNames.h */,
			);
			name = "Supported Algorithms";
			sourceTree = "<group>";
		};
		05A8A51917F3A0060011AD25 /* Maze Manager */ = {
			isa = PBXGroup;
			children = (
				055246C817F0CCBF00D90397 /* MazeManager.h */,
				055246C917F0CCBF00D90397 /* MazeManager.m */,
			);
			name = "Maze Manager";
			sourceTree = "<group>";
		};
		05A8A51B17F3A0150011AD25 /* Maze */ = {
			isa = PBXGroup;
			children = (
				055246CB17F0CDAF00D90397 /* Maze.h */,
				055246CC17F0CDAF00D90397 /* Maze.m */,
			);
			name = Maze;
			sourceTree = "<group>";
		};
		05A8A51C17F3A01D0011AD25 /* Maze Parsing */ = {
			isa = PBXGroup;
			children = (
				055246D417F0DCDC00D90397 /* MazeParsingOperation.h */,
				055246D517F0DCDC00D90397 /* MazeParsingOperation.m */,
			);
			name = "Maze Parsing";
			sourceTree = "<group>";
		};
		05A8A51E17F3A0480011AD25 /* Queue Pool */ = {
			isa = PBXGroup;
			children = (
				055246D117F0CEDA00D90397 /* QueuePool.h */,
				055246D217F0CEDA00D90397 /* QueuePool.m */,
			);
			name = "Queue Pool";
			sourceTree = "<group>";
		};
		05A8A53717F3CF680011AD25 /* Cell */ = {
			isa = PBXGroup;
			children = (
				05A8A53417F3CF5D0011AD25 /* Cell.h */,
				05C4B6ED17F72C4F008832D1 /* CellState.h */,
				05A8A53517F3CF5D0011AD25 /* Cell.m */,
			);
			name = Cell;
			sourceTree = "<group>";
		};
		05A8A53B17F3D1E40011AD25 /* Frontier */ = {
			isa = PBXGroup;
			children = (
				05A8A53817F3D1DE0011AD25 /* Frontier.h */,
				05A8A53917F3D1DE0011AD25 /* Frontier.m */,
			);
			name = Frontier;
			sourceTree = "<group>";
		};
		05E7BD2717F7A4DB00030AB1 /* Cost Functions */ = {
			isa = PBXGroup;
			children = (
				05E7BD3017F7C5E700030AB1 /* CostFunctions.h */,
				05E7BD3117F7C5E700030AB1 /* CostFunctions.m */,
				05E7BD3317F7CCCC00030AB1 /* CostFunctionBlock.h */,
				05E7BD3C17F7E86300030AB1 /* CostFunctionNames.h */,
			);
			name = "Cost Functions";
			sourceTree = "<group>";
		};
		05E7BD2817F7A52F00030AB1 /* Algorithms */ = {
			isa = PBXGroup;
			children = (
				05E7BD4717F9391800030AB1 /* Search Algorithm Operation Factory */,
				05E7BD4817F9392700030AB1 /* Search Algorithm Operation */,
				05E7BD4617F938F300030AB1 /* Uniform Cost Search Operation */,
				05E7BD4517F938DC00030AB1 /* Uninformed Search Operation */,
			);
			name = Algorithms;
			sourceTree = "<group>";
		};
		05E7BD4517F938DC00030AB1 /* Uninformed Search Operation */ = {
			isa = PBXGroup;
			children = (
				05E7BD4217F938D000030AB1 /* UninformedSearchOperation.h */,
				05E7BD4317F938D000030AB1 /* UninformedSearchOperation.m */,
			);
			name = "Uninformed Search Operation";
			sourceTree = "<group>";
		};
		05E7BD4617F938F300030AB1 /* Uniform Cost Search Operation */ = {
			isa = PBXGroup;
			children = (
				05E7BD2017F79FF400030AB1 /* UniformCostSearchOperation.h */,
				05E7BD2117F79FF400030AB1 /* UniformCostSearchOperation.m */,
			);
			name = "Uniform Cost Search Operation";
			sourceTree = "<group>";
		};
		05E7BD4717F9391800030AB1 /* Search Algorithm Operation Factory */ = {
			isa = PBXGroup;
			children = (
				05A8A52E17F3AD320011AD25 /* SearchAlgorithmOperationFactory.h */,
				05A8A52F17F3AD320011AD25 /* SearchAlgorithmOperationFactory.m */,
			);
			name = "Search Algorithm Operation Factory";
			sourceTree = "<group>";
		};
		05E7BD4817F9392700030AB1 /* Search Algorithm Operation */ = {
			isa = PBXGroup;
			children = (
				05A8A52917F3A5010011AD25 /* SearchAlgorithmOperation.h */,
				05A8A52C17F3A6310011AD25 /* SearchAlgorithmOperation_Protected.h */,
				05A8A52A17F3A5010011AD25 /* SearchAlgorithmOperation.m */,
			);
			name = "Search Algorithm Operation";
			sourceTree = "<group>";
		};
		05E7BD4917F9394300030AB1 /* Solver */ = {
			isa = PBXGroup;
			children = (
				05A8A51F17F3A0740011AD25 /* Solver.h */,
				05A8A52017F3A0740011AD25 /* Solver.m */,
			);
			name = Solver;
			sourceTree = "<group>";
		};
/* End PBXGroup section */

/* Begin PBXNativeTarget section */
		0552466C17F0A56900D90397 /* CS-440-Maze-Search */ = {
			isa = PBXNativeTarget;
			buildConfigurationList = 0552469917F0A56900D90397 /* Build configuration list for PBXNativeTarget "CS-440-Maze-Search" */;
			buildPhases = (
				0552466917F0A56900D90397 /* Sources */,
				0552466A17F0A56900D90397 /* Frameworks */,
				0552466B17F0A56900D90397 /* Resources */,
			);
			buildRules = (
			);
			dependencies = (
			);
			name = "CS-440-Maze-Search";
			productName = "CS-440-Maze-Search";
			productReference = 0552466D17F0A56900D90397 /* CS-440-Maze-Search.app */;
			productType = "com.apple.product-type.application";
		};
		0552468717F0A56900D90397 /* CS-440-Maze-SearchTests */ = {
			isa = PBXNativeTarget;
			buildConfigurationList = 0552469C17F0A56900D90397 /* Build configuration list for PBXNativeTarget "CS-440-Maze-SearchTests" */;
			buildPhases = (
				0552468417F0A56900D90397 /* Sources */,
				0552468517F0A56900D90397 /* Frameworks */,
				0552468617F0A56900D90397 /* Resources */,
			);
			buildRules = (
			);
			dependencies = (
				0552468E17F0A56900D90397 /* PBXTargetDependency */,
			);
			name = "CS-440-Maze-SearchTests";
			productName = "CS-440-Maze-SearchTests";
			productReference = 0552468817F0A56900D90397 /* CS-440-Maze-SearchTests.xctest */;
			productType = "com.apple.product-type.bundle.unit-test";
		};
/* End PBXNativeTarget section */

/* Begin PBXProject section */
		0552466517F0A56900D90397 /* Project object */ = {
			isa = PBXProject;
			attributes = {
				LastUpgradeCheck = 0500;
				ORGANIZATIONNAME = "Troy Chmieleski";
				TargetAttributes = {
					0552468717F0A56900D90397 = {
						TestTargetID = 0552466C17F0A56900D90397;
					};
				};
			};
			buildConfigurationList = 0552466817F0A56900D90397 /* Build configuration list for PBXProject "CS-440-Maze-Search" */;
			compatibilityVersion = "Xcode 3.2";
			developmentRegion = English;
			hasScannedForEncodings = 0;
			knownRegions = (
				en,
			);
			mainGroup = 0552466417F0A56900D90397;
			productRefGroup = 0552466E17F0A56900D90397 /* Products */;
			projectDirPath = "";
			projectRoot = "";
			targets = (
				0552466C17F0A56900D90397 /* CS-440-Maze-Search */,
				0552468717F0A56900D90397 /* CS-440-Maze-SearchTests */,
			);
		};
/* End PBXProject section */

/* Begin PBXResourcesBuildPhase section */
		0552466B17F0A56900D90397 /* Resources */ = {
			isa = PBXResourcesBuildPhase;
			buildActionMask = 2147483647;
			files = (
				0552467B17F0A56900D90397 /* InfoPlist.strings in Resources */,
				055246A617F0A92500D90397 /* bigMaze.txt in Resources */,
				055246A417F0A92500D90397 /* smallMaze.txt in Resources */,
				055246A717F0A92500D90397 /* openMaze.txt in Resources */,
				055246A517F0A92500D90397 /* mediumMaze.txt in Resources */,
				0552468317F0A56900D90397 /* Images.xcassets in Resources */,
			);
			runOnlyForDeploymentPostprocessing = 0;
		};
		0552468617F0A56900D90397 /* Resources */ = {
			isa = PBXResourcesBuildPhase;
			buildActionMask = 2147483647;
			files = (
				0552469417F0A56900D90397 /* InfoPlist.strings in Resources */,
			);
			runOnlyForDeploymentPostprocessing = 0;
		};
/* End PBXResourcesBuildPhase section */

/* Begin PBXSourcesBuildPhase section */
		0552466917F0A56900D90397 /* Sources */ = {
			isa = PBXSourcesBuildPhase;
			buildActionMask = 2147483647;
			files = (
				05A8A53A17F3D1DE0011AD25 /* Frontier.m in Sources */,
				055246BA17F0ADEF00D90397 /* MazeSearchViewController.m in Sources */,
				055246E717F24DF800D90397 /* MazeView.m in Sources */,
				05A8A53617F3CF5D0011AD25 /* Cell.m in Sources */,
				05A8A52117F3A0740011AD25 /* Solver.m in Sources */,
				0552468117F0A56900D90397 /* AppDelegate.m in Sources */,
				055246F217F2798C00D90397 /* SupportedAlgorithms.m in Sources */,
				055246D617F0DCDC00D90397 /* MazeParsingOperation.m in Sources */,
				055246D917F1180B00D90397 /* SupportedMazes.m in Sources */,
				055246E117F23DAC00D90397 /* MazeSettingsViewController.m in Sources */,
				055246CA17F0CCBF00D90397 /* MazeManager.m in Sources */,
				055246CD17F0CDAF00D90397 /* Maze.m in Sources */,
				05A8A52B17F3A5010011AD25 /* SearchAlgorithmOperation.m in Sources */,
				05E7BD2217F79FF400030AB1 /* UniformCostSearchOperation.m in Sources */,
				055246D317F0CEDA00D90397 /* QueuePool.m in Sources */,
				05A8A53017F3AD320011AD25 /* SearchAlgorithmOperationFactory.m in Sources */,
				05E7BD3217F7C5E700030AB1 /* CostFunctions.m in Sources */,
				05E7BD4417F938D000030AB1 /* UninformedSearchOperation.m in Sources */,
				0552467D17F0A56900D90397 /* main.m in Sources */,
			);
			runOnlyForDeploymentPostprocessing = 0;
		};
		0552468417F0A56900D90397 /* Sources */ = {
			isa = PBXSourcesBuildPhase;
			buildActionMask = 2147483647;
			files = (
				0552469617F0A56900D90397 /* CS_440_Maze_SearchTests.m in Sources */,
			);
			runOnlyForDeploymentPostprocessing = 0;
		};
/* End PBXSourcesBuildPhase section */

/* Begin PBXTargetDependency section */
		0552468E17F0A56900D90397 /* PBXTargetDependency */ = {
			isa = PBXTargetDependency;
			target = 0552466C17F0A56900D90397 /* CS-440-Maze-Search */;
			targetProxy = 0552468D17F0A56900D90397 /* PBXContainerItemProxy */;
		};
/* End PBXTargetDependency section */

/* Begin PBXVariantGroup section */
		0552467917F0A56900D90397 /* InfoPlist.strings */ = {
			isa = PBXVariantGroup;
			children = (
				0552467A17F0A56900D90397 /* en */,
			);
			name = InfoPlist.strings;
			sourceTree = "<group>";
		};
		0552469217F0A56900D90397 /* InfoPlist.strings */ = {
			isa = PBXVariantGroup;
			children = (
				0552469317F0A56900D90397 /* en */,
			);
			name = InfoPlist.strings;
			sourceTree = "<group>";
		};
/* End PBXVariantGroup section */

/* Begin XCBuildConfiguration section */
		0552469717F0A56900D90397 /* Debug */ = {
			isa = XCBuildConfiguration;
			buildSettings = {
				ALWAYS_SEARCH_USER_PATHS = NO;
				ARCHS = "$(ARCHS_STANDARD_INCLUDING_64_BIT)";
				CLANG_CXX_LANGUAGE_STANDARD = "gnu++0x";
				CLANG_CXX_LIBRARY = "libc++";
				CLANG_ENABLE_MODULES = YES;
				CLANG_ENABLE_OBJC_ARC = YES;
				CLANG_WARN_BOOL_CONVERSION = YES;
				CLANG_WARN_CONSTANT_CONVERSION = YES;
				CLANG_WARN_DIRECT_OBJC_ISA_USAGE = YES_ERROR;
				CLANG_WARN_EMPTY_BODY = YES;
				CLANG_WARN_ENUM_CONVERSION = YES;
				CLANG_WARN_INT_CONVERSION = YES;
				CLANG_WARN_OBJC_ROOT_CLASS = YES_ERROR;
				CLANG_WARN__DUPLICATE_METHOD_MATCH = YES;
				"CODE_SIGN_IDENTITY[sdk=iphoneos*]" = "iPhone Developer";
				COPY_PHASE_STRIP = NO;
				GCC_C_LANGUAGE_STANDARD = gnu99;
				GCC_DYNAMIC_NO_PIC = NO;
				GCC_OPTIMIZATION_LEVEL = 0;
				GCC_PREPROCESSOR_DEFINITIONS = (
					"DEBUG=1",
					"$(inherited)",
				);
				GCC_SYMBOLS_PRIVATE_EXTERN = NO;
				GCC_WARN_64_TO_32_BIT_CONVERSION = YES;
				GCC_WARN_ABOUT_RETURN_TYPE = YES_ERROR;
				GCC_WARN_UNDECLARED_SELECTOR = YES;
				GCC_WARN_UNINITIALIZED_AUTOS = YES;
				GCC_WARN_UNUSED_FUNCTION = YES;
				GCC_WARN_UNUSED_VARIABLE = YES;
				IPHONEOS_DEPLOYMENT_TARGET = 7.0;
				ONLY_ACTIVE_ARCH = YES;
				SDKROOT = iphoneos;
			};
			name = Debug;
		};
		0552469817F0A56900D90397 /* Release */ = {
			isa = XCBuildConfiguration;
			buildSettings = {
				ALWAYS_SEARCH_USER_PATHS = NO;
				ARCHS = "$(ARCHS_STANDARD_INCLUDING_64_BIT)";
				CLANG_CXX_LANGUAGE_STANDARD = "gnu++0x";
				CLANG_CXX_LIBRARY = "libc++";
				CLANG_ENABLE_MODULES = YES;
				CLANG_ENABLE_OBJC_ARC = YES;
				CLANG_WARN_BOOL_CONVERSION = YES;
				CLANG_WARN_CONSTANT_CONVERSION = YES;
				CLANG_WARN_DIRECT_OBJC_ISA_USAGE = YES_ERROR;
				CLANG_WARN_EMPTY_BODY = YES;
				CLANG_WARN_ENUM_CONVERSION = YES;
				CLANG_WARN_INT_CONVERSION = YES;
				CLANG_WARN_OBJC_ROOT_CLASS = YES_ERROR;
				CLANG_WARN__DUPLICATE_METHOD_MATCH = YES;
				"CODE_SIGN_IDENTITY[sdk=iphoneos*]" = "iPhone Developer";
				COPY_PHASE_STRIP = YES;
				ENABLE_NS_ASSERTIONS = NO;
				GCC_C_LANGUAGE_STANDARD = gnu99;
				GCC_WARN_64_TO_32_BIT_CONVERSION = YES;
				GCC_WARN_ABOUT_RETURN_TYPE = YES_ERROR;
				GCC_WARN_UNDECLARED_SELECTOR = YES;
				GCC_WARN_UNINITIALIZED_AUTOS = YES;
				GCC_WARN_UNUSED_FUNCTION = YES;
				GCC_WARN_UNUSED_VARIABLE = YES;
				IPHONEOS_DEPLOYMENT_TARGET = 7.0;
				SDKROOT = iphoneos;
				VALIDATE_PRODUCT = YES;
			};
			name = Release;
		};
		0552469A17F0A56900D90397 /* Debug */ = {
			isa = XCBuildConfiguration;
			buildSettings = {
				ASSETCATALOG_COMPILER_APPICON_NAME = AppIcon;
				ASSETCATALOG_COMPILER_LAUNCHIMAGE_NAME = LaunchImage;
				GCC_PRECOMPILE_PREFIX_HEADER = YES;
				GCC_PREFIX_HEADER = "CS-440-Maze-Search/CS-440-Maze-Search-Prefix.pch";
				INFOPLIST_FILE = "CS-440-Maze-Search/CS-440-Maze-Search-Info.plist";
				PRODUCT_NAME = "$(TARGET_NAME)";
				WRAPPER_EXTENSION = app;
			};
			name = Debug;
		};
		0552469B17F0A56900D90397 /* Release */ = {
			isa = XCBuildConfiguration;
			buildSettings = {
				ASSETCATALOG_COMPILER_APPICON_NAME = AppIcon;
				ASSETCATALOG_COMPILER_LAUNCHIMAGE_NAME = LaunchImage;
				GCC_PRECOMPILE_PREFIX_HEADER = YES;
				GCC_PREFIX_HEADER = "CS-440-Maze-Search/CS-440-Maze-Search-Prefix.pch";
				INFOPLIST_FILE = "CS-440-Maze-Search/CS-440-Maze-Search-Info.plist";
				PRODUCT_NAME = "$(TARGET_NAME)";
				WRAPPER_EXTENSION = app;
			};
			name = Release;
		};
		0552469D17F0A56900D90397 /* Debug */ = {
			isa = XCBuildConfiguration;
			buildSettings = {
				ARCHS = "$(ARCHS_STANDARD_INCLUDING_64_BIT)";
				BUNDLE_LOADER = "$(BUILT_PRODUCTS_DIR)/CS-440-Maze-Search.app/CS-440-Maze-Search";
				FRAMEWORK_SEARCH_PATHS = (
					"$(SDKROOT)/Developer/Library/Frameworks",
					"$(inherited)",
					"$(DEVELOPER_FRAMEWORKS_DIR)",
				);
				GCC_PRECOMPILE_PREFIX_HEADER = YES;
				GCC_PREFIX_HEADER = "CS-440-Maze-Search/CS-440-Maze-Search-Prefix.pch";
				GCC_PREPROCESSOR_DEFINITIONS = (
					"DEBUG=1",
					"$(inherited)",
				);
				INFOPLIST_FILE = "CS-440-Maze-SearchTests/CS-440-Maze-SearchTests-Info.plist";
				PRODUCT_NAME = "$(TARGET_NAME)";
				TEST_HOST = "$(BUNDLE_LOADER)";
				WRAPPER_EXTENSION = xctest;
			};
			name = Debug;
		};
		0552469E17F0A56900D90397 /* Release */ = {
			isa = XCBuildConfiguration;
			buildSettings = {
				ARCHS = "$(ARCHS_STANDARD_INCLUDING_64_BIT)";
				BUNDLE_LOADER = "$(BUILT_PRODUCTS_DIR)/CS-440-Maze-Search.app/CS-440-Maze-Search";
				FRAMEWORK_SEARCH_PATHS = (
					"$(SDKROOT)/Developer/Library/Frameworks",
					"$(inherited)",
					"$(DEVELOPER_FRAMEWORKS_DIR)",
				);
				GCC_PRECOMPILE_PREFIX_HEADER = YES;
				GCC_PREFIX_HEADER = "CS-440-Maze-Search/CS-440-Maze-Search-Prefix.pch";
				INFOPLIST_FILE = "CS-440-Maze-SearchTests/CS-440-Maze-SearchTests-Info.plist";
				PRODUCT_NAME = "$(TARGET_NAME)";
				TEST_HOST = "$(BUNDLE_LOADER)";
				WRAPPER_EXTENSION = xctest;
			};
			name = Release;
		};
/* End XCBuildConfiguration section */

/* Begin XCConfigurationList section */
		0552466817F0A56900D90397 /* Build configuration list for PBXProject "CS-440-Maze-Search" */ = {
			isa = XCConfigurationList;
			buildConfigurations = (
				0552469717F0A56900D90397 /* Debug */,
				0552469817F0A56900D90397 /* Release */,
			);
			defaultConfigurationIsVisible = 0;
			defaultConfigurationName = Release;
		};
		0552469917F0A56900D90397 /* Build configuration list for PBXNativeTarget "CS-440-Maze-Search" */ = {
			isa = XCConfigurationList;
			buildConfigurations = (
				0552469A17F0A56900D90397 /* Debug */,
				0552469B17F0A56900D90397 /* Release */,
			);
			defaultConfigurationIsVisible = 0;
			defaultConfigurationName = Release;
		};
		0552469C17F0A56900D90397 /* Build configuration list for PBXNativeTarget "CS-440-Maze-SearchTests" */ = {
			isa = XCConfigurationList;
			buildConfigurations = (
				0552469D17F0A56900D90397 /* Debug */,
				0552469E17F0A56900D90397 /* Release */,
			);
			defaultConfigurationIsVisible = 0;
			defaultConfigurationName = Release;
		};
/* End XCConfigurationList section */
	};
	rootObject = 0552466517F0A56900D90397 /* Project object */;
}
